# This file is automatically @generated by Poetry 1.6.1 and should not be changed by hand.

[[package]]
name = "docx2txt"
version = "0.8"
description = "A pure python-based utility to extract text and images from docx files."
optional = false
python-versions = "*"
files = [
    {file = "docx2txt-0.8.tar.gz", hash = "sha256:2c06d98d7cfe2d3947e5760a57d924e3ff07745b379c8737723922e7009236e5"},
]

[metadata]
lock-version = "2.0"
python-versions = "^3.10"
content-hash = "34efe54a1a9f2afc604574b008548a59e29ae3b2a9258a15bcd3207afd7656b6"
